
Microsoft Visual Studio Solution File, Format Version 12.00
# Visual Studio Version 17
VisualStudioVersion = 17.9.34607.119
MinimumVisualStudioVersion = 10.0.40219.1
Project("{FAE04EC0-301F-11D3-BF4B-00C04F79EFBC}") = "ConsoleBankApp", "ConsoleBankApp\ConsoleBankApp.csproj", "{B2A37E98-D7FD-483D-BEAD-E8983038AEFB}"
EndProject
Global
	GlobalSection(SolutionConfigurationPlatforms) = preSolution
		Debug|Any CPU = Debug|Any CPU
		Release|Any CPU = Release|Any CPU
	EndGlobalSection
	GlobalSection(ProjectConfigurationPlatforms) = postSolution
		{B2A37E98-D7FD-483D-BEAD-E8983038AEFB}.Debug|Any CPU.ActiveCfg = Debug|Any CPU
		{B2A37E98-D7FD-483D-BEAD-E8983038AEFB}.Debug|Any CPU.Build.0 = Debug|Any CPU
		{B2A37E98-D7FD-483D-BEAD-E8983038AEFB}.Release|Any CPU.ActiveCfg = Release|Any CPU
		{B2A37E98-D7FD-483D-BEAD-E8983038AEFB}.Release|Any CPU.Build.0 = Release|Any CPU
	EndGlobalSection
	GlobalSection(SolutionProperties) = preSolution
		HideSolutionNode = FALSE
	EndGlobalSection
	GlobalSection(ExtensibilityGlobals) = postSolution
		SolutionGuid = {1D20DD97-87FE-4ADC-85D1-99935BBB35FD}
	EndGlobalSection
EndGlobal
